
Microsoft Visual Studio Solution File, Format Version 12.00
# Visual Studio 15
VisualStudioVersion = 15.0.28010.2016
MinimumVisualStudioVersion = 10.0.40219.1
Project("{FAE04EC0-301F-11D3-BF4B-00C04F79EFBC}") = "SUMATORIA", "SUMATORIA\SUMATORIA.csproj", "{C32A37EE-15DD-4A9F-A823-7D9B9B507342}"
EndProject
Project("{FAE04EC0-301F-11D3-BF4B-00C04F79EFBC}") = "SUMAR", "SUMAR\SUMAR.csproj", "{E76621BE-994D-48A4-B312-20E55B25F308}"
EndProject
Project("{FAE04EC0-301F-11D3-BF4B-00C04F79EFBC}") = "N", "N\N.csproj", "{97033C41-8E68-4C5F-88B5-DF8C51490BC1}"
EndProject
Global
	GlobalSection(SolutionConfigurationPlatforms) = preSolution
		Debug|Any CPU = Debug|Any CPU
		Release|Any CPU = Release|Any CPU
	EndGlobalSection
	GlobalSection(ProjectConfigurationPlatforms) = postSolution
		{C32A37EE-15DD-4A9F-A823-7D9B9B507342}.Debug|Any CPU.ActiveCfg = Debug|Any CPU
		{C32A37EE-15DD-4A9F-A823-7D9B9B507342}.Debug|Any CPU.Build.0 = Debug|Any CPU
		{C32A37EE-15DD-4A9F-A823-7D9B9B507342}.Release|Any CPU.ActiveCfg = Release|Any CPU
		{C32A37EE-15DD-4A9F-A823-7D9B9B507342}.Release|Any CPU.Build.0 = Release|Any CPU
		{E76621BE-994D-48A4-B312-20E55B25F308}.Debug|Any CPU.ActiveCfg = Debug|Any CPU
		{E76621BE-994D-48A4-B312-20E55B25F308}.Debug|Any CPU.Build.0 = Debug|Any CPU
		{E76621BE-994D-48A4-B312-20E55B25F308}.Release|Any CPU.ActiveCfg = Release|Any CPU
		{E76621BE-994D-48A4-B312-20E55B25F308}.Release|Any CPU.Build.0 = Release|Any CPU
		{97033C41-8E68-4C5F-88B5-DF8C51490BC1}.Debug|Any CPU.ActiveCfg = Debug|Any CPU
		{97033C41-8E68-4C5F-88B5-DF8C51490BC1}.Debug|Any CPU.Build.0 = Debug|Any CPU
		{97033C41-8E68-4C5F-88B5-DF8C51490BC1}.Release|Any CPU.ActiveCfg = Release|Any CPU
		{97033C41-8E68-4C5F-88B5-DF8C51490BC1}.Release|Any CPU.Build.0 = Release|Any CPU
	EndGlobalSection
	GlobalSection(SolutionProperties) = preSolution
		HideSolutionNode = FALSE
	EndGlobalSection
	GlobalSection(ExtensibilityGlobals) = postSolution
		SolutionGuid = {403FAA39-99BF-4A85-9280-8E8BBAD17DB5}
	EndGlobalSection
EndGlobal
